
Microsoft Visual Studio Solution File, Format Version 12.00
# Visual Studio Version 17
VisualStudioVersion = 17.4.33122.133
MinimumVisualStudioVersion = 10.0.40219.1
Project("{FAE04EC0-301F-11D3-BF4B-00C04F79EFBC}") = "AdventOfCode", "AdventOfCode\AdventOfCode.csproj", "{DA51E16D-0D32-4E77-822E-C90ED2F0173B}"
EndProject
Global
	GlobalSection(SolutionConfigurationPlatforms) = preSolution
		Debug|Any CPU = Debug|Any CPU
		Release|Any CPU = Release|Any CPU
	EndGlobalSection
	GlobalSection(ProjectConfigurationPlatforms) = postSolution
		{DA51E16D-0D32-4E77-822E-C90ED2F0173B}.Debug|Any CPU.ActiveCfg = Debug|Any CPU
		{DA51E16D-0D32-4E77-822E-C90ED2F0173B}.Debug|Any CPU.Build.0 = Debug|Any CPU
		{DA51E16D-0D32-4E77-822E-C90ED2F0173B}.Release|Any CPU.ActiveCfg = Release|Any CPU
		{DA51E16D-0D32-4E77-822E-C90ED2F0173B}.Release|Any CPU.Build.0 = Release|Any CPU
	EndGlobalSection
	GlobalSection(SolutionProperties) = preSolution
		HideSolutionNode = FALSE
	EndGlobalSection
	GlobalSection(ExtensibilityGlobals) = postSolution
		SolutionGuid = {3AF3BEF9-8CA2-4080-A7A3-6CB4DC11CDD1}
	EndGlobalSection
EndGlobal
